{
  "originHash" : "9d76355f7ca7915712326947364fbfd5ae11b6d920d7522d4bd3a2711f0d1e77",
  "pins" : [
    {
      "identity" : "swift-realtime-openai",
      "kind" : "remoteSourceControl",
      "location" : "https://github.com/m1guelpf/swift-realtime-openai",
      "state" : {
        "branch" : "main",
        "revision" : "a397feab7f38468501727b51c15c70ddb61aa05e"
      }
    }
  ],
  "version" : 3
}
