// !$*UTF8*$!
{
	archiveVersion = 1;
	classes = {
	};
	objectVersion = 56;
	objects = {

/* Begin PBXBuildFile section */
		C01E69322B69F8CA00D9A3A8 /* IndigoApp.swift in Sources */ = {isa = PBXBuildFile; fileRef = C01E69312B69F8CA00D9A3A8 /* IndigoApp.swift */; };
		C01E69342B69F8CA00D9A3A8 /* ContentView.swift in Sources */ = {isa = PBXBuildFile; fileRef = C01E69332B69F8CA00D9A3A8 /* ContentView.swift */; };
		C01E69382B69F8CC00D9A3A8 /* Assets.xcassets in Resources */ = {isa = PBXBuildFile; fileRef = C01E69372B69F8CC00D9A3A8 /* Assets.xcassets */; };
		C01E693B2B69F8CC00D9A3A8 /* Preview Assets.xcassets in Resources */ = {isa = PBXBuildFile; fileRef = C01E693A2B69F8CC00D9A3A8 /* Preview Assets.xcassets */; };
		C01E69432B69FEC200D9A3A8 /* ColorExt.swift in Sources */ = {isa = PBXBuildFile; fileRef = C01E69422B69FEC200D9A3A8 /* ColorExt.swift */; };
		C01E69462B6A046E00D9A3A8 /* Signifier-Light.otf in Resources */ = {isa = PBXBuildFile; fileRef = C01E69452B6A046E00D9A3A8 /* Signifier-Light.otf */; };
		C01E69492B6A089700D9A3A8 /* AudioBufferExt.swift in Sources */ = {isa = PBXBuildFile; fileRef = C01E69482B6A089700D9A3A8 /* AudioBufferExt.swift */; };
		C01E694C2B6A090300D9A3A8 /* OpenAI in Frameworks */ = {isa = PBXBuildFile; productRef = C01E694B2B6A090300D9A3A8 /* OpenAI */; };
		C0EF61B22B6AF5E400CA102B /* RecordingPermissionDeniedAlert.swift in Sources */ = {isa = PBXBuildFile; fileRef = C0EF61B12B6AF5E400CA102B /* RecordingPermissionDeniedAlert.swift */; };
		C0EF61B42B6AFACC00CA102B /* Settings.bundle in Resources */ = {isa = PBXBuildFile; fileRef = C0EF61B32B6AFACC00CA102B /* Settings.bundle */; };
		C0EF61B62B6AFE0600CA102B /* SettingsBundleHelper.swift in Sources */ = {isa = PBXBuildFile; fileRef = C0EF61B52B6AFE0600CA102B /* SettingsBundleHelper.swift */; };
		C0EF61B82B6B004400CA102B /* MissingOpenAIKeyAlert.swift in Sources */ = {isa = PBXBuildFile; fileRef = C0EF61B72B6B004400CA102B /* MissingOpenAIKeyAlert.swift */; };
		C0EF61BA2B6B2A6D00CA102B /* AudioPlayer.swift in Sources */ = {isa = PBXBuildFile; fileRef = C0EF61B92B6B2A6D00CA102B /* AudioPlayer.swift */; };
/* End PBXBuildFile section */

/* Begin PBXFileReference section */
		C01E692E2B69F8CA00D9A3A8 /* Indigo.app */ = {isa = PBXFileReference; explicitFileType = wrapper.application; includeInIndex = 0; path = Indigo.app; sourceTree = BUILT_PRODUCTS_DIR; };
		C01E69312B69F8CA00D9A3A8 /* IndigoApp.swift */ = {isa = PBXFileReference; lastKnownFileType = sourcecode.swift; path = IndigoApp.swift; sourceTree = "<group>"; };
		C01E69332B69F8CA00D9A3A8 /* ContentView.swift */ = {isa = PBXFileReference; lastKnownFileType = sourcecode.swift; path = ContentView.swift; sourceTree = "<group>"; };
		C01E69372B69F8CC00D9A3A8 /* Assets.xcassets */ = {isa = PBXFileReference; lastKnownFileType = folder.assetcatalog; path = Assets.xcassets; sourceTree = "<group>"; };
		C01E693A2B69F8CC00D9A3A8 /* Preview Assets.xcassets */ = {isa = PBXFileReference; lastKnownFileType = folder.assetcatalog; path = "Preview Assets.xcassets"; sourceTree = "<group>"; };
		C01E69422B69FEC200D9A3A8 /* ColorExt.swift */ = {isa = PBXFileReference; lastKnownFileType = sourcecode.swift; path = ColorExt.swift; sourceTree = "<group>"; };
		C01E69452B6A046E00D9A3A8 /* Signifier-Light.otf */ = {isa = PBXFileReference; lastKnownFileType = file; path = "Signifier-Light.otf"; sourceTree = "<group>"; };
		C01E69472B6A048C00D9A3A8 /* Info.plist */ = {isa = PBXFileReference; lastKnownFileType = text.plist; path = Info.plist; sourceTree = "<group>"; };
		C01E69482B6A089700D9A3A8 /* AudioBufferExt.swift */ = {isa = PBXFileReference; lastKnownFileType = sourcecode.swift; path = AudioBufferExt.swift; sourceTree = "<group>"; };
		C0EF61B12B6AF5E400CA102B /* RecordingPermissionDeniedAlert.swift */ = {isa = PBXFileReference; lastKnownFileType = sourcecode.swift; path = RecordingPermissionDeniedAlert.swift; sourceTree = "<group>"; };
		C0EF61B32B6AFACC00CA102B /* Settings.bundle */ = {isa = PBXFileReference; lastKnownFileType = "wrapper.plug-in"; path = Settings.bundle; sourceTree = "<group>"; };
		C0EF61B52B6AFE0600CA102B /* SettingsBundleHelper.swift */ = {isa = PBXFileReference; lastKnownFileType = sourcecode.swift; path = SettingsBundleHelper.swift; sourceTree = "<group>"; };
		C0EF61B72B6B004400CA102B /* MissingOpenAIKeyAlert.swift */ = {isa = PBXFileReference; lastKnownFileType = sourcecode.swift; path = MissingOpenAIKeyAlert.swift; sourceTree = "<group>"; };
		C0EF61B92B6B2A6D00CA102B /* AudioPlayer.swift */ = {isa = PBXFileReference; lastKnownFileType = sourcecode.swift; path = AudioPlayer.swift; sourceTree = "<group>"; };
/* End PBXFileReference section */

/* Begin PBXFrameworksBuildPhase section */
		C01E692B2B69F8CA00D9A3A8 /* Frameworks */ = {
			isa = PBXFrameworksBuildPhase;
			buildActionMask = 2147483647;
			files = (
				C01E694C2B6A090300D9A3A8 /* OpenAI in Frameworks */,
			);
			runOnlyForDeploymentPostprocessing = 0;
		};
/* End PBXFrameworksBuildPhase section */

/* Begin PBXGroup section */
		C01E69252B69F8CA00D9A3A8 = {
			isa = PBXGroup;
			children = (
				C01E69302B69F8CA00D9A3A8 /* Indigo */,
				C01E692F2B69F8CA00D9A3A8 /* Products */,
			);
			sourceTree = "<group>";
		};
		C01E692F2B69F8CA00D9A3A8 /* Products */ = {
			isa = PBXGroup;
			children = (
				C01E692E2B69F8CA00D9A3A8 /* Indigo.app */,
			);
			name = Products;
			sourceTree = "<group>";
		};
		C01E69302B69F8CA00D9A3A8 /* Indigo */ = {
			isa = PBXGroup;
			children = (
				C0EF61B02B6AF5B700CA102B /* Views */,
				C01E69472B6A048C00D9A3A8 /* Info.plist */,
				C01E69442B6A045500D9A3A8 /* fonts */,
				C01E69412B69FEB200D9A3A8 /* Shared */,
				C01E69312B69F8CA00D9A3A8 /* IndigoApp.swift */,
				C01E69372B69F8CC00D9A3A8 /* Assets.xcassets */,
				C01E69392B69F8CC00D9A3A8 /* Preview Content */,
				C0EF61B32B6AFACC00CA102B /* Settings.bundle */,
			);
			path = Indigo;
			sourceTree = "<group>";
		};
		C01E69392B69F8CC00D9A3A8 /* Preview Content */ = {
			isa = PBXGroup;
			children = (
				C01E693A2B69F8CC00D9A3A8 /* Preview Assets.xcassets */,
			);
			path = "Preview Content";
			sourceTree = "<group>";
		};
		C01E69412B69FEB200D9A3A8 /* Shared */ = {
			isa = PBXGroup;
			children = (
				C01E69422B69FEC200D9A3A8 /* ColorExt.swift */,
				C01E69482B6A089700D9A3A8 /* AudioBufferExt.swift */,
				C0EF61B52B6AFE0600CA102B /* SettingsBundleHelper.swift */,
				C0EF61B92B6B2A6D00CA102B /* AudioPlayer.swift */,
			);
			path = Shared;
			sourceTree = "<group>";
		};
		C01E69442B6A045500D9A3A8 /* fonts */ = {
			isa = PBXGroup;
			children = (
				C01E69452B6A046E00D9A3A8 /* Signifier-Light.otf */,
			);
			path = fonts;
			sourceTree = "<group>";
		};
		C0EF61B02B6AF5B700CA102B /* Views */ = {
			isa = PBXGroup;
			children = (
				C01E69332B69F8CA00D9A3A8 /* ContentView.swift */,
				C0EF61B12B6AF5E400CA102B /* RecordingPermissionDeniedAlert.swift */,
				C0EF61B72B6B004400CA102B /* MissingOpenAIKeyAlert.swift */,
			);
			path = Views;
			sourceTree = "<group>";
		};
/* End PBXGroup section */

/* Begin PBXNativeTarget section */
		C01E692D2B69F8CA00D9A3A8 /* Indigo */ = {
			isa = PBXNativeTarget;
			buildConfigurationList = C01E693E2B69F8CC00D9A3A8 /* Build configuration list for PBXNativeTarget "Indigo" */;
			buildPhases = (
				C01E692A2B69F8CA00D9A3A8 /* Sources */,
				C01E692B2B69F8CA00D9A3A8 /* Frameworks */,
				C01E692C2B69F8CA00D9A3A8 /* Resources */,
			);
			buildRules = (
			);
			dependencies = (
			);
			name = Indigo;
			packageProductDependencies = (
				C01E694B2B6A090300D9A3A8 /* OpenAI */,
			);
			productName = Indigo;
			productReference = C01E692E2B69F8CA00D9A3A8 /* Indigo.app */;
			productType = "com.apple.product-type.application";
		};
/* End PBXNativeTarget section */

/* Begin PBXProject section */
		C01E69262B69F8CA00D9A3A8 /* Project object */ = {
			isa = PBXProject;
			attributes = {
				BuildIndependentTargetsInParallel = 1;
				LastSwiftUpdateCheck = 1520;
				LastUpgradeCheck = 1520;
				TargetAttributes = {
					C01E692D2B69F8CA00D9A3A8 = {
						CreatedOnToolsVersion = 15.2;
					};
				};
			};
			buildConfigurationList = C01E69292B69F8CA00D9A3A8 /* Build configuration list for PBXProject "Indigo" */;
			compatibilityVersion = "Xcode 14.0";
			developmentRegion = en;
			hasScannedForEncodings = 0;
			knownRegions = (
				en,
				Base,
			);
			mainGroup = C01E69252B69F8CA00D9A3A8;
			packageReferences = (
				C01E694A2B6A090300D9A3A8 /* XCRemoteSwiftPackageReference "OpenAI" */,
			);
			productRefGroup = C01E692F2B69F8CA00D9A3A8 /* Products */;
			projectDirPath = "";
			projectRoot = "";
			targets = (
				C01E692D2B69F8CA00D9A3A8 /* Indigo */,
			);
		};
/* End PBXProject section */

/* Begin PBXResourcesBuildPhase section */
		C01E692C2B69F8CA00D9A3A8 /* Resources */ = {
			isa = PBXResourcesBuildPhase;
			buildActionMask = 2147483647;
			files = (
				C01E69462B6A046E00D9A3A8 /* Signifier-Light.otf in Resources */,
				C0EF61B42B6AFACC00CA102B /* Settings.bundle in Resources */,
				C01E693B2B69F8CC00D9A3A8 /* Preview Assets.xcassets in Resources */,
				C01E69382B69F8CC00D9A3A8 /* Assets.xcassets in Resources */,
			);
			runOnlyForDeploymentPostprocessing = 0;
		};
/* End PBXResourcesBuildPhase section */

/* Begin PBXSourcesBuildPhase section */
		C01E692A2B69F8CA00D9A3A8 /* Sources */ = {
			isa = PBXSourcesBuildPhase;
			buildActionMask = 2147483647;
			files = (
				C01E69492B6A089700D9A3A8 /* AudioBufferExt.swift in Sources */,
				C01E69342B69F8CA00D9A3A8 /* ContentView.swift in Sources */,
				C01E69432B69FEC200D9A3A8 /* ColorExt.swift in Sources */,
				C0EF61BA2B6B2A6D00CA102B /* AudioPlayer.swift in Sources */,
				C0EF61B22B6AF5E400CA102B /* RecordingPermissionDeniedAlert.swift in Sources */,
				C0EF61B82B6B004400CA102B /* MissingOpenAIKeyAlert.swift in Sources */,
				C0EF61B62B6AFE0600CA102B /* SettingsBundleHelper.swift in Sources */,
				C01E69322B69F8CA00D9A3A8 /* IndigoApp.swift in Sources */,
			);
			runOnlyForDeploymentPostprocessing = 0;
		};
/* End PBXSourcesBuildPhase section */

/* Begin XCBuildConfiguration section */
		C01E693C2B69F8CC00D9A3A8 /* Debug */ = {
			isa = XCBuildConfiguration;
			buildSettings = {
				ALWAYS_SEARCH_USER_PATHS = NO;
				ASSETCATALOG_COMPILER_GENERATE_SWIFT_ASSET_SYMBOL_EXTENSIONS = YES;
				CLANG_ANALYZER_NONNULL = YES;
				CLANG_ANALYZER_NUMBER_OBJECT_CONVERSION = YES_AGGRESSIVE;
				CLANG_CXX_LANGUAGE_STANDARD = "gnu++20";
				CLANG_ENABLE_MODULES = YES;
				CLANG_ENABLE_OBJC_ARC = YES;
				CLANG_ENABLE_OBJC_WEAK = YES;
				CLANG_WARN_BLOCK_CAPTURE_AUTORELEASING = YES;
				CLANG_WARN_BOOL_CONVERSION = YES;
				CLANG_WARN_COMMA = YES;
				CLANG_WARN_CONSTANT_CONVERSION = YES;
				CLANG_WARN_DEPRECATED_OBJC_IMPLEMENTATIONS = YES;
				CLANG_WARN_DIRECT_OBJC_ISA_USAGE = YES_ERROR;
				CLANG_WARN_DOCUMENTATION_COMMENTS = YES;
				CLANG_WARN_EMPTY_BODY = YES;
				CLANG_WARN_ENUM_CONVERSION = YES;
				CLANG_WARN_INFINITE_RECURSION = YES;
				CLANG_WARN_INT_CONVERSION = YES;
				CLANG_WARN_NON_LITERAL_NULL_CONVERSION = YES;
				CLANG_WARN_OBJC_IMPLICIT_RETAIN_SELF = YES;
				CLANG_WARN_OBJC_LITERAL_CONVERSION = YES;
				CLANG_WARN_OBJC_ROOT_CLASS = YES_ERROR;
				CLANG_WARN_QUOTED_INCLUDE_IN_FRAMEWORK_HEADER = YES;
				CLANG_WARN_RANGE_LOOP_ANALYSIS = YES;
				CLANG_WARN_STRICT_PROTOTYPES = YES;
				CLANG_WARN_SUSPICIOUS_MOVE = YES;
				CLANG_WARN_UNGUARDED_AVAILABILITY = YES_AGGRESSIVE;
				CLANG_WARN_UNREACHABLE_CODE = YES;
				CLANG_WARN__DUPLICATE_METHOD_MATCH = YES;
				COPY_PHASE_STRIP = NO;
				DEBUG_INFORMATION_FORMAT = dwarf;
				ENABLE_STRICT_OBJC_MSGSEND = YES;
				ENABLE_TESTABILITY = YES;
				ENABLE_USER_SCRIPT_SANDBOXING = YES;
				GCC_C_LANGUAGE_STANDARD = gnu17;
				GCC_DYNAMIC_NO_PIC = NO;
				GCC_NO_COMMON_BLOCKS = YES;
				GCC_OPTIMIZATION_LEVEL = 0;
				GCC_PREPROCESSOR_DEFINITIONS = (
					"DEBUG=1",
					"$(inherited)",
				);
				GCC_WARN_64_TO_32_BIT_CONVERSION = YES;
				GCC_WARN_ABOUT_RETURN_TYPE = YES_ERROR;
				GCC_WARN_UNDECLARED_SELECTOR = YES;
				GCC_WARN_UNINITIALIZED_AUTOS = YES_AGGRESSIVE;
				GCC_WARN_UNUSED_FUNCTION = YES;
				GCC_WARN_UNUSED_VARIABLE = YES;
				IPHONEOS_DEPLOYMENT_TARGET = 17.1;
				LOCALIZATION_PREFERS_STRING_CATALOGS = YES;
				MTL_ENABLE_DEBUG_INFO = INCLUDE_SOURCE;
				MTL_FAST_MATH = YES;
				ONLY_ACTIVE_ARCH = YES;
				SDKROOT = iphoneos;
				SWIFT_ACTIVE_COMPILATION_CONDITIONS = "DEBUG $(inherited)";
				SWIFT_OPTIMIZATION_LEVEL = "-Onone";
			};
			name = Debug;
		};
		C01E693D2B69F8CC00D9A3A8 /* Release */ = {
			isa = XCBuildConfiguration;
			buildSettings = {
				ALWAYS_SEARCH_USER_PATHS = NO;
				ASSETCATALOG_COMPILER_GENERATE_SWIFT_ASSET_SYMBOL_EXTENSIONS = YES;
				CLANG_ANALYZER_NONNULL = YES;
				CLANG_ANALYZER_NUMBER_OBJECT_CONVERSION = YES_AGGRESSIVE;
				CLANG_CXX_LANGUAGE_STANDARD = "gnu++20";
				CLANG_ENABLE_MODULES = YES;
				CLANG_ENABLE_OBJC_ARC = YES;
				CLANG_ENABLE_OBJC_WEAK = YES;
				CLANG_WARN_BLOCK_CAPTURE_AUTORELEASING = YES;
				CLANG_WARN_BOOL_CONVERSION = YES;
				CLANG_WARN_COMMA = YES;
				CLANG_WARN_CONSTANT_CONVERSION = YES;
				CLANG_WARN_DEPRECATED_OBJC_IMPLEMENTATIONS = YES;
				CLANG_WARN_DIRECT_OBJC_ISA_USAGE = YES_ERROR;
				CLANG_WARN_DOCUMENTATION_COMMENTS = YES;
				CLANG_WARN_EMPTY_BODY = YES;
				CLANG_WARN_ENUM_CONVERSION = YES;
				CLANG_WARN_INFINITE_RECURSION = YES;
				CLANG_WARN_INT_CONVERSION = YES;
				CLANG_WARN_NON_LITERAL_NULL_CONVERSION = YES;
				CLANG_WARN_OBJC_IMPLICIT_RETAIN_SELF = YES;
				CLANG_WARN_OBJC_LITERAL_CONVERSION = YES;
				CLANG_WARN_OBJC_ROOT_CLASS = YES_ERROR;
				CLANG_WARN_QUOTED_INCLUDE_IN_FRAMEWORK_HEADER = YES;
				CLANG_WARN_RANGE_LOOP_ANALYSIS = YES;
				CLANG_WARN_STRICT_PROTOTYPES = YES;
				CLANG_WARN_SUSPICIOUS_MOVE = YES;
				CLANG_WARN_UNGUARDED_AVAILABILITY = YES_AGGRESSIVE;
				CLANG_WARN_UNREACHABLE_CODE = YES;
				CLANG_WARN__DUPLICATE_METHOD_MATCH = YES;
				COPY_PHASE_STRIP = NO;
				DEBUG_INFORMATION_FORMAT = "dwarf-with-dsym";
				ENABLE_NS_ASSERTIONS = NO;
				ENABLE_STRICT_OBJC_MSGSEND = YES;
				ENABLE_USER_SCRIPT_SANDBOXING = YES;
				GCC_C_LANGUAGE_STANDARD = gnu17;
				GCC_NO_COMMON_BLOCKS = YES;
				GCC_WARN_64_TO_32_BIT_CONVERSION = YES;
				GCC_WARN_ABOUT_RETURN_TYPE = YES_ERROR;
				GCC_WARN_UNDECLARED_SELECTOR = YES;
				GCC_WARN_UNINITIALIZED_AUTOS = YES_AGGRESSIVE;
				GCC_WARN_UNUSED_FUNCTION = YES;
				GCC_WARN_UNUSED_VARIABLE = YES;
				IPHONEOS_DEPLOYMENT_TARGET = 17.1;
				LOCALIZATION_PREFERS_STRING_CATALOGS = YES;
				MTL_ENABLE_DEBUG_INFO = NO;
				MTL_FAST_MATH = YES;
				SDKROOT = iphoneos;
				SWIFT_COMPILATION_MODE = wholemodule;
				VALIDATE_PRODUCT = YES;
			};
			name = Release;
		};
		C01E693F2B69F8CC00D9A3A8 /* Debug */ = {
			isa = XCBuildConfiguration;
			buildSettings = {
				ASSETCATALOG_COMPILER_APPICON_NAME = AppIcon;
				ASSETCATALOG_COMPILER_GLOBAL_ACCENT_COLOR_NAME = AccentColor;
				CODE_SIGN_STYLE = Automatic;
				CURRENT_PROJECT_VERSION = 1;
				DEVELOPMENT_ASSET_PATHS = "\"Indigo/Preview Content\"";
				DEVELOPMENT_TEAM = LR4RJT6586;
				ENABLE_PREVIEWS = YES;
				GENERATE_INFOPLIST_FILE = YES;
				INFOPLIST_FILE = Indigo/Info.plist;
				INFOPLIST_KEY_CFBundleDisplayName = Indigo;
				INFOPLIST_KEY_LSApplicationCategoryType = "public.app-category.productivity";
				INFOPLIST_KEY_NSMicrophoneUsageDescription = "$(PRODUCT_NAME) uses your microphone to transcribe your messages.";
				INFOPLIST_KEY_UIApplicationSceneManifest_Generation = YES;
				INFOPLIST_KEY_UIApplicationSupportsIndirectInputEvents = YES;
				INFOPLIST_KEY_UILaunchScreen_Generation = YES;
				INFOPLIST_KEY_UIRequiresFullScreen = YES;
				INFOPLIST_KEY_UISupportedInterfaceOrientations = UIInterfaceOrientationPortrait;
				LD_RUNPATH_SEARCH_PATHS = (
					"$(inherited)",
					"@executable_path/Frameworks",
				);
				MARKETING_VERSION = 1.0;
				PRODUCT_BUNDLE_IDENTIFIER = build.miguel.Indigo;
				PRODUCT_NAME = "$(TARGET_NAME)";
				SWIFT_EMIT_LOC_STRINGS = YES;
				SWIFT_VERSION = 5.0;
				TARGETED_DEVICE_FAMILY = "1,2";
			};
			name = Debug;
		};
		C01E69402B69F8CC00D9A3A8 /* Release */ = {
			isa = XCBuildConfiguration;
			buildSettings = {
				ASSETCATALOG_COMPILER_APPICON_NAME = AppIcon;
				ASSETCATALOG_COMPILER_GLOBAL_ACCENT_COLOR_NAME = AccentColor;
				CODE_SIGN_STYLE = Automatic;
				CURRENT_PROJECT_VERSION = 1;
				DEVELOPMENT_ASSET_PATHS = "\"Indigo/Preview Content\"";
				DEVELOPMENT_TEAM = LR4RJT6586;
				ENABLE_PREVIEWS = YES;
				GENERATE_INFOPLIST_FILE = YES;
				INFOPLIST_FILE = Indigo/Info.plist;
				INFOPLIST_KEY_CFBundleDisplayName = Indigo;
				INFOPLIST_KEY_LSApplicationCategoryType = "public.app-category.productivity";
				INFOPLIST_KEY_NSMicrophoneUsageDescription = "$(PRODUCT_NAME) uses your microphone to transcribe your messages.";
				INFOPLIST_KEY_UIApplicationSceneManifest_Generation = YES;
				INFOPLIST_KEY_UIApplicationSupportsIndirectInputEvents = YES;
				INFOPLIST_KEY_UILaunchScreen_Generation = YES;
				INFOPLIST_KEY_UIRequiresFullScreen = YES;
				INFOPLIST_KEY_UISupportedInterfaceOrientations = UIInterfaceOrientationPortrait;
				LD_RUNPATH_SEARCH_PATHS = (
					"$(inherited)",
					"@executable_path/Frameworks",
				);
				MARKETING_VERSION = 1.0;
				PRODUCT_BUNDLE_IDENTIFIER = build.miguel.Indigo;
				PRODUCT_NAME = "$(TARGET_NAME)";
				SWIFT_EMIT_LOC_STRINGS = YES;
				SWIFT_VERSION = 5.0;
				TARGETED_DEVICE_FAMILY = "1,2";
			};
			name = Release;
		};
/* End XCBuildConfiguration section */

/* Begin XCConfigurationList section */
		C01E69292B69F8CA00D9A3A8 /* Build configuration list for PBXProject "Indigo" */ = {
			isa = XCConfigurationList;
			buildConfigurations = (
				C01E693C2B69F8CC00D9A3A8 /* Debug */,
				C01E693D2B69F8CC00D9A3A8 /* Release */,
			);
			defaultConfigurationIsVisible = 0;
			defaultConfigurationName = Release;
		};
		C01E693E2B69F8CC00D9A3A8 /* Build configuration list for PBXNativeTarget "Indigo" */ = {
			isa = XCConfigurationList;
			buildConfigurations = (
				C01E693F2B69F8CC00D9A3A8 /* Debug */,
				C01E69402B69F8CC00D9A3A8 /* Release */,
			);
			defaultConfigurationIsVisible = 0;
			defaultConfigurationName = Release;
		};
/* End XCConfigurationList section */

/* Begin XCRemoteSwiftPackageReference section */
		C01E694A2B6A090300D9A3A8 /* XCRemoteSwiftPackageReference "OpenAI" */ = {
			isa = XCRemoteSwiftPackageReference;
			repositoryURL = "https://github.com/MacPaw/OpenAI";
			requirement = {
				branch = main;
				kind = branch;
			};
		};
/* End XCRemoteSwiftPackageReference section */

/* Begin XCSwiftPackageProductDependency section */
		C01E694B2B6A090300D9A3A8 /* OpenAI */ = {
			isa = XCSwiftPackageProductDependency;
			package = C01E694A2B6A090300D9A3A8 /* XCRemoteSwiftPackageReference "OpenAI" */;
			productName = OpenAI;
		};
/* End XCSwiftPackageProductDependency section */
	};
	rootObject = C01E69262B69F8CA00D9A3A8 /* Project object */;
}
